
Microsoft Visual Studio Solution File, Format Version 12.00
# Visual Studio Version 17
VisualStudioVersion = 17.7.34031.279
MinimumVisualStudioVersion = 10.0.40219.1
Project("{FAE04EC0-301F-11D3-BF4B-00C04F79EFBC}") = "DOAN", "DOAN\DOAN.csproj", "{C8B558AB-A7A1-4AB0-A2D9-5F2EB6CCD2B3}"
EndProject
Global
	GlobalSection(SolutionConfigurationPlatforms) = preSolution
		Debug|Any CPU = Debug|Any CPU
		Release|Any CPU = Release|Any CPU
	EndGlobalSection
	GlobalSection(ProjectConfigurationPlatforms) = postSolution
		{C8B558AB-A7A1-4AB0-A2D9-5F2EB6CCD2B3}.Debug|Any CPU.ActiveCfg = Debug|Any CPU
		{C8B558AB-A7A1-4AB0-A2D9-5F2EB6CCD2B3}.Debug|Any CPU.Build.0 = Debug|Any CPU
		{C8B558AB-A7A1-4AB0-A2D9-5F2EB6CCD2B3}.Release|Any CPU.ActiveCfg = Release|Any CPU
		{C8B558AB-A7A1-4AB0-A2D9-5F2EB6CCD2B3}.Release|Any CPU.Build.0 = Release|Any CPU
	EndGlobalSection
	GlobalSection(SolutionProperties) = preSolution
		HideSolutionNode = FALSE
	EndGlobalSection
	GlobalSection(ExtensibilityGlobals) = postSolution
		SolutionGuid = {13E42B90-8EAE-4392-9F08-FBA5958C5CBD}
	EndGlobalSection
EndGlobal
